Microsoft Visual Studio Solution File, Format Version 8.00
Project("{FAE04EC0-301F-11D3-BF4B-00C04F79EFBC}") = "Core", "Core\Core.csproj", "{2AA369EC-A4E7-4D75-9101-EFA90E902625}"
	ProjectSection(ProjectDependencies) = postProject
	EndProjectSection
EndProject
Project("{FAE04EC0-301F-11D3-BF4B-00C04F79EFBC}") = "Core.Test", "Core.Test\Core.Test.csproj", "{C216DEC9-8820-4298-B10F-FB4131466B69}"
	ProjectSection(ProjectDependencies) = postProject
	EndProjectSection
EndProject
Project("{FAE04EC0-301F-11D3-BF4B-00C04F79EFBC}") = "ObjectBinding", "ObjectBinding\Core\ObjectBinding.csproj", "{FDCCDB1E-0962-41DA-99A1-2DB390C48748}"
	ProjectSection(ProjectDependencies) = postProject
	EndProjectSection
EndProject
Project("{FAE04EC0-301F-11D3-BF4B-00C04F79EFBC}") = "ObjectBinding.Reflection", "ObjectBinding\Reflection\ObjectBinding.Reflection.csproj", "{07113F20-C57A-4FB1-9E87-2BBE912F527B}"
	ProjectSection(ProjectDependencies) = postProject
	EndProjectSection
EndProject
Project("{FAE04EC0-301F-11D3-BF4B-00C04F79EFBC}") = "ObjectBinding.Web", "ObjectBinding\Web\ObjectBinding.Web.csproj", "{390FBB93-A757-47A7-B769-A64A7465FF84}"
	ProjectSection(ProjectDependencies) = postProject
	EndProjectSection
EndProject
Project("{FAE04EC0-301F-11D3-BF4B-00C04F79EFBC}") = "ObjectBinding.Web.Test", "http://localhost/dev/libraries/commons/ObjectBinding/Web.Test/ObjectBinding.Web.Test.csproj", "{FE98ED8D-E645-4E11-9431-FA5EE8ED7C86}"
	ProjectSection(ProjectDependencies) = postProject
		{FDCCDB1E-0962-41DA-99A1-2DB390C48748} = {FDCCDB1E-0962-41DA-99A1-2DB390C48748}
		{07113F20-C57A-4FB1-9E87-2BBE912F527B} = {07113F20-C57A-4FB1-9E87-2BBE912F527B}
		{DF8BA786-9679-4879-8757-16AE2709D83A} = {DF8BA786-9679-4879-8757-16AE2709D83A}
		{390FBB93-A757-47A7-B769-A64A7465FF84} = {390FBB93-A757-47A7-B769-A64A7465FF84}
		{2AA369EC-A4E7-4D75-9101-EFA90E902625} = {2AA369EC-A4E7-4D75-9101-EFA90E902625}
	EndProjectSection
EndProject
Project("{FAE04EC0-301F-11D3-BF4B-00C04F79EFBC}") = "prereq", "prereq\prereq.csproj", "{31F08C2C-B54C-4F76-9B9F-656BC36A2A06}"
	ProjectSection(ProjectDependencies) = postProject
	EndProjectSection
EndProject
Project("{FAE04EC0-301F-11D3-BF4B-00C04F79EFBC}") = "Development.Core", "Development\Core\Development.Core.csproj", "{B719A305-0493-4C72-88FE-9A2FC6964578}"
	ProjectSection(ProjectDependencies) = postProject
	EndProjectSection
EndProject
Project("{FAE04EC0-301F-11D3-BF4B-00C04F79EFBC}") = "Development.Core.Test", "Development\Core.Test\Development.Core.Test.csproj", "{F5416318-15B4-421E-9B44-03CD4C052D5A}"
	ProjectSection(ProjectDependencies) = postProject
	EndProjectSection
EndProject
Project("{FAE04EC0-301F-11D3-BF4B-00C04F79EFBC}") = "Development.CodeDom", "Development\CodeDom\Development.CodeDom.csproj", "{AD1A0CD9-C08C-449C-9A7D-2D8BC5439BDC}"
	ProjectSection(ProjectDependencies) = postProject
	EndProjectSection
EndProject
Project("{FAE04EC0-301F-11D3-BF4B-00C04F79EFBC}") = "Web", "Web\Core\Web.csproj", "{DF8BA786-9679-4879-8757-16AE2709D83A}"
	ProjectSection(ProjectDependencies) = postProject
	EndProjectSection
EndProject
Project("{FAE04EC0-301F-11D3-BF4B-00C04F79EFBC}") = "WxeTest", "http://localhost/dev/libraries/commons/web/ExecutionEngine/Test/WxeTest.csproj", "{72F82AB0-C96F-43C5-935B-ABB085107DD4}"
	ProjectSection(ProjectDependencies) = postProject
	EndProjectSection
EndProject
Project("{FAE04EC0-301F-11D3-BF4B-00C04F79EFBC}") = "formserver", "http://localhost/dev/prototypes/formserver/formserver.csproj", "{7A044777-3884-4107-BDC6-F475D205174F}"
	ProjectSection(ProjectDependencies) = postProject
	EndProjectSection
EndProject
Project("{FAE04EC0-301F-11D3-BF4B-00C04F79EFBC}") = "ObjectBinding.Reflection.Test", "ObjectBinding\Reflection.Test\ObjectBinding.Reflection.Test.csproj", "{5F1B88F7-FAFB-45C2-A357-333245870A6B}"
	ProjectSection(ProjectDependencies) = postProject
	EndProjectSection
EndProject
Project("{FAE04EC0-301F-11D3-BF4B-00C04F79EFBC}") = "Web.UnitTests", "Web\UnitTests\Web.UnitTests.csproj", "{F3EE8E9C-5230-4D1A-B655-CA65E2D52F21}"
	ProjectSection(ProjectDependencies) = postProject
	EndProjectSection
EndProject
Global
	GlobalSection(SourceCodeControl) = preSolution
		SccNumberOfProjects = 16
		SccLocalPath0 = .
		CanCheckoutShared = false
		SolutionUniqueID = {1CB16516-20F9-4EA8-9D27-56DF2EA34DCC}
		SccProjectUniqueName1 = Core\\Core.csproj
		SccProjectName1 = \u0022$/libraries/Commons/Core\u0022,\u0020GNDAAAAA
		SccLocalPath1 = Core
		CanCheckoutShared = false
		SccProjectUniqueName2 = ObjectBinding\\Core\\ObjectBinding.csproj
		SccLocalPath2 = .
		CanCheckoutShared = false
		SccProjectFilePathRelativizedFromConnection2 = ObjectBinding\\Core\\
		SccProjectUniqueName3 = ObjectBinding\\Reflection\\ObjectBinding.Reflection.csproj
		SccLocalPath3 = .
		CanCheckoutShared = false
		SccProjectFilePathRelativizedFromConnection3 = ObjectBinding\\Reflection\\
		SccProjectUniqueName4 = ObjectBinding\\Web\\ObjectBinding.Web.csproj
		SccLocalPath4 = .
		CanCheckoutShared = false
		SccProjectFilePathRelativizedFromConnection4 = ObjectBinding\\Web\\
		SccProjectUniqueName5 = prereq\\prereq.csproj
		SccLocalPath5 = .
		CanCheckoutShared = false
		SccProjectFilePathRelativizedFromConnection5 = prereq\\
		SccProjectUniqueName6 = Core.Test\\Core.Test.csproj
		SccProjectName6 = \u0022$/libraries/Commons/Core.Test\u0022,\u0020LNDAAAAA
		SccLocalPath6 = Core.Test
		CanCheckoutShared = false
		SccProjectUniqueName7 = Development\\Core\\Development.Core.csproj
		SccProjectName7 = \u0022$/libraries/Commons/Development/Core\u0022,\u0020LQAAAAAA
		SccLocalPath7 = Development\\Core
		CanCheckoutShared = false
		SccProjectUniqueName8 = Development\\Core.Test\\Development.Core.Test.csproj
		SccProjectName8 = \u0022$/libraries/Commons/Development/Core.Test\u0022,\u0020TQAAAAAA
		SccLocalPath8 = Development\\Core.Test
		CanCheckoutShared = false
		SccProjectUniqueName9 = Development\\CodeDom\\Development.CodeDom.csproj
		SccProjectName9 = \u0022$/libraries/Commons/Development/CodeDom\u0022,\u0020ERAAAAAA
		SccLocalPath9 = Development\\CodeDom
		CanCheckoutShared = false
		SccProjectUniqueName10 = Web\\Core\\Web.csproj
		SccProjectName10 = \u0022$/libraries/Commons/Web/Core\u0022,\u0020EVHAAAAA
		SccLocalPath10 = Web\\Core
		CanCheckoutShared = false
		SccProjectUniqueName11 = http://localhost/dev/libraries/commons/ObjectBinding/Web.Test/ObjectBinding.Web.Test.csproj
		SccProjectName11 = \u0022$/libraries/Commons/ObjectBinding/Web.Test\u0022,\u0020QQTAAAAA
		SccLocalPath11 = ObjectBinding\\Web.Test
		CanCheckoutShared = false
		SccProjectEnlistmentChoice11 = 2
		SccProjectUniqueName12 = http://localhost/dev/libraries/commons/web/ExecutionEngine/Test/WxeTest.csproj
		SccProjectName12 = \u0022$/libraries/Commons/Web/ExecutionEngine/Test\u0022,\u0020IJWAAAAA
		SccLocalPath12 = web\\ExecutionEngine\\Test
		CanCheckoutShared = false
		SccProjectEnlistmentChoice12 = 2
		SccProjectUniqueName13 = http://localhost/dev/prototypes/formserver/formserver.csproj
		SccProjectName13 = \u0022$/prototypes/formserver\u0022,\u0020ZKZAAAAA
		SccLocalPath13 = ..\\..\\prototypes\\formserver
		CanCheckoutShared = false
		SccProjectEnlistmentChoice13 = 2
		SccProjectUniqueName14 = ObjectBinding\\Reflection.Test\\ObjectBinding.Reflection.Test.csproj
		SccProjectName14 = \u0022$/libraries/Commons/ObjectBinding/Reflection.Test\u0022,\u0020TIABAAAA
		SccLocalPath14 = ObjectBinding\\Reflection.Test
		CanCheckoutShared = false
		SccProjectUniqueName15 = Web\\UnitTests\\Web.UnitTests.csproj
		SccProjectName15 = \u0022$/libraries/Commons/Web/UnitTests\u0022,\u0020RSWAAAAA
		SccLocalPath15 = Web\\UnitTests
		CanCheckoutShared = false
	EndGlobalSection
	GlobalSection(SolutionConfiguration) = preSolution
		Debug = Debug
		Release = Release
	EndGlobalSection
	GlobalSection(ProjectConfiguration) = postSolution
		{2AA369EC-A4E7-4D75-9101-EFA90E902625}.Debug.ActiveCfg = Debug|.NET
		{2AA369EC-A4E7-4D75-9101-EFA90E902625}.Debug.Build.0 = Debug|.NET
		{2AA369EC-A4E7-4D75-9101-EFA90E902625}.Release.ActiveCfg = Release|.NET
		{2AA369EC-A4E7-4D75-9101-EFA90E902625}.Release.Build.0 = Release|.NET
		{C216DEC9-8820-4298-B10F-FB4131466B69}.Debug.ActiveCfg = Debug|.NET
		{C216DEC9-8820-4298-B10F-FB4131466B69}.Debug.Build.0 = Debug|.NET
		{C216DEC9-8820-4298-B10F-FB4131466B69}.Release.ActiveCfg = Release|.NET
		{C216DEC9-8820-4298-B10F-FB4131466B69}.Release.Build.0 = Release|.NET
		{FDCCDB1E-0962-41DA-99A1-2DB390C48748}.Debug.ActiveCfg = Debug|.NET
		{FDCCDB1E-0962-41DA-99A1-2DB390C48748}.Debug.Build.0 = Debug|.NET
		{FDCCDB1E-0962-41DA-99A1-2DB390C48748}.Release.ActiveCfg = Release|.NET
		{FDCCDB1E-0962-41DA-99A1-2DB390C48748}.Release.Build.0 = Release|.NET
		{07113F20-C57A-4FB1-9E87-2BBE912F527B}.Debug.ActiveCfg = Debug|.NET
		{07113F20-C57A-4FB1-9E87-2BBE912F527B}.Debug.Build.0 = Debug|.NET
		{07113F20-C57A-4FB1-9E87-2BBE912F527B}.Release.ActiveCfg = Release|.NET
		{07113F20-C57A-4FB1-9E87-2BBE912F527B}.Release.Build.0 = Release|.NET
		{390FBB93-A757-47A7-B769-A64A7465FF84}.Debug.ActiveCfg = Debug|.NET
		{390FBB93-A757-47A7-B769-A64A7465FF84}.Debug.Build.0 = Debug|.NET
		{390FBB93-A757-47A7-B769-A64A7465FF84}.Release.ActiveCfg = Release|.NET
		{390FBB93-A757-47A7-B769-A64A7465FF84}.Release.Build.0 = Release|.NET
		{FE98ED8D-E645-4E11-9431-FA5EE8ED7C86}.Debug.ActiveCfg = Debug|.NET
		{FE98ED8D-E645-4E11-9431-FA5EE8ED7C86}.Debug.Build.0 = Debug|.NET
		{FE98ED8D-E645-4E11-9431-FA5EE8ED7C86}.Release.ActiveCfg = Release|.NET
		{FE98ED8D-E645-4E11-9431-FA5EE8ED7C86}.Release.Build.0 = Release|.NET
		{31F08C2C-B54C-4F76-9B9F-656BC36A2A06}.Debug.ActiveCfg = Debug|.NET
		{31F08C2C-B54C-4F76-9B9F-656BC36A2A06}.Release.ActiveCfg = Release|.NET
		{B719A305-0493-4C72-88FE-9A2FC6964578}.Debug.ActiveCfg = Debug|.NET
		{B719A305-0493-4C72-88FE-9A2FC6964578}.Debug.Build.0 = Debug|.NET
		{B719A305-0493-4C72-88FE-9A2FC6964578}.Release.ActiveCfg = Release|.NET
		{B719A305-0493-4C72-88FE-9A2FC6964578}.Release.Build.0 = Release|.NET
		{F5416318-15B4-421E-9B44-03CD4C052D5A}.Debug.ActiveCfg = Debug|.NET
		{F5416318-15B4-421E-9B44-03CD4C052D5A}.Debug.Build.0 = Debug|.NET
		{F5416318-15B4-421E-9B44-03CD4C052D5A}.Release.ActiveCfg = Release|.NET
		{F5416318-15B4-421E-9B44-03CD4C052D5A}.Release.Build.0 = Release|.NET
		{AD1A0CD9-C08C-449C-9A7D-2D8BC5439BDC}.Debug.ActiveCfg = Debug|.NET
		{AD1A0CD9-C08C-449C-9A7D-2D8BC5439BDC}.Debug.Build.0 = Debug|.NET
		{AD1A0CD9-C08C-449C-9A7D-2D8BC5439BDC}.Release.ActiveCfg = Release|.NET
		{AD1A0CD9-C08C-449C-9A7D-2D8BC5439BDC}.Release.Build.0 = Release|.NET
		{DF8BA786-9679-4879-8757-16AE2709D83A}.Debug.ActiveCfg = Debug|.NET
		{DF8BA786-9679-4879-8757-16AE2709D83A}.Debug.Build.0 = Debug|.NET
		{DF8BA786-9679-4879-8757-16AE2709D83A}.Release.ActiveCfg = Release|.NET
		{DF8BA786-9679-4879-8757-16AE2709D83A}.Release.Build.0 = Release|.NET
		{72F82AB0-C96F-43C5-935B-ABB085107DD4}.Debug.ActiveCfg = Debug|.NET
		{72F82AB0-C96F-43C5-935B-ABB085107DD4}.Debug.Build.0 = Debug|.NET
		{72F82AB0-C96F-43C5-935B-ABB085107DD4}.Release.ActiveCfg = Release|.NET
		{72F82AB0-C96F-43C5-935B-ABB085107DD4}.Release.Build.0 = Release|.NET
		{7A044777-3884-4107-BDC6-F475D205174F}.Debug.ActiveCfg = Debug|.NET
		{7A044777-3884-4107-BDC6-F475D205174F}.Debug.Build.0 = Debug|.NET
		{7A044777-3884-4107-BDC6-F475D205174F}.Release.ActiveCfg = Release|.NET
		{7A044777-3884-4107-BDC6-F475D205174F}.Release.Build.0 = Release|.NET
		{5F1B88F7-FAFB-45C2-A357-333245870A6B}.Debug.ActiveCfg = Debug|.NET
		{5F1B88F7-FAFB-45C2-A357-333245870A6B}.Debug.Build.0 = Debug|.NET
		{5F1B88F7-FAFB-45C2-A357-333245870A6B}.Release.ActiveCfg = Release|.NET
		{5F1B88F7-FAFB-45C2-A357-333245870A6B}.Release.Build.0 = Release|.NET
		{F3EE8E9C-5230-4D1A-B655-CA65E2D52F21}.Debug.ActiveCfg = Debug|.NET
		{F3EE8E9C-5230-4D1A-B655-CA65E2D52F21}.Debug.Build.0 = Debug|.NET
		{F3EE8E9C-5230-4D1A-B655-CA65E2D52F21}.Release.ActiveCfg = Release|.NET
		{F3EE8E9C-5230-4D1A-B655-CA65E2D52F21}.Release.Build.0 = Release|.NET
	EndGlobalSection
	GlobalSection(SolutionItems) = postSolution
		buildall.cmd = buildall.cmd
		build\buildversion.xml = build\buildversion.xml
		Commons.build = Commons.build
		localbuild.cmd = localbuild.cmd
		build\properties.include.xml = build\properties.include.xml
	EndGlobalSection
	GlobalSection(ExtensibilityGlobals) = postSolution
	EndGlobalSection
	GlobalSection(ExtensibilityAddIns) = postSolution
	EndGlobalSection
EndGlobal
