
Microsoft Visual Studio Solution File, Format Version 9.00
# Visual Studio 2005
Project("{FAE04EC0-301F-11D3-BF4B-00C04F79EFBC}") = "Objectbinding.Web.CodeGenerator", "Core\Objectbinding.Web.CodeGenerator.csproj", "{E8822EE5-E678-4ECF-AAEC-9476696F90B3}"
	ProjectSection(WebsiteProperties) = preProject
		Debug.AspNetCompiler.Debug = "True"
		Release.AspNetCompiler.Debug = "False"
	EndProjectSection
EndProject
Project("{FAE04EC0-301F-11D3-BF4B-00C04F79EFBC}") = "Objectbinding.Web.CodeGenerator.WebSample", "WebSample\Objectbinding.Web.CodeGenerator.WebSample.csproj", "{EBE75E33-D69D-4D4B-BBAB-A1496463B1F1}"
	ProjectSection(WebsiteProperties) = preProject
		Debug.AspNetCompiler.Debug = "True"
		Release.AspNetCompiler.Debug = "False"
	EndProjectSection
EndProject
Project("{FAE04EC0-301F-11D3-BF4B-00C04F79EFBC}") = "Objectbinding.Web.CodeGenerator.DomainSample", "DomainSample\Objectbinding.Web.CodeGenerator.DomainSample.csproj", "{008034F4-F47F-4CAE-B300-1D8629D1BD1D}"
	ProjectSection(WebsiteProperties) = preProject
		Debug.AspNetCompiler.Debug = "True"
		Release.AspNetCompiler.Debug = "False"
	EndProjectSection
EndProject
Project("{FAE04EC0-301F-11D3-BF4B-00C04F79EFBC}") = "ObjectBinding", "..\Core\ObjectBinding.csproj", "{FDCCDB1E-0962-41DA-99A1-2DB390C48748}"
	ProjectSection(WebsiteProperties) = preProject
		Debug.AspNetCompiler.Debug = "True"
		Release.AspNetCompiler.Debug = "False"
	EndProjectSection
EndProject
Project("{FAE04EC0-301F-11D3-BF4B-00C04F79EFBC}") = "Core", "..\..\Core\Core.csproj", "{2AA369EC-A4E7-4D75-9101-EFA90E902625}"
	ProjectSection(WebsiteProperties) = preProject
		Debug.AspNetCompiler.Debug = "True"
		Release.AspNetCompiler.Debug = "False"
	EndProjectSection
EndProject
Project("{FAE04EC0-301F-11D3-BF4B-00C04F79EFBC}") = "Web", "..\..\Web\Core\Web.csproj", "{DF8BA786-9679-4879-8757-16AE2709D83A}"
	ProjectSection(WebsiteProperties) = preProject
		Debug.AspNetCompiler.Debug = "True"
		Release.AspNetCompiler.Debug = "False"
	EndProjectSection
EndProject
Project("{FAE04EC0-301F-11D3-BF4B-00C04F79EFBC}") = "Data.DomainObjects", "..\..\Data\DomainObjects\Data.DomainObjects.csproj", "{C2D4102A-6DB9-4997-85BE-AFA6ECF42F1A}"
	ProjectSection(WebsiteProperties) = preProject
		Debug.AspNetCompiler.Debug = "True"
		Release.AspNetCompiler.Debug = "False"
	EndProjectSection
EndProject
Project("{FAE04EC0-301F-11D3-BF4B-00C04F79EFBC}") = "ObjectBinding.Web", "..\Web\ObjectBinding.Web.csproj", "{390FBB93-A757-47A7-B769-A64A7465FF84}"
	ProjectSection(WebsiteProperties) = preProject
		Debug.AspNetCompiler.Debug = "True"
		Release.AspNetCompiler.Debug = "False"
	EndProjectSection
EndProject
Project("{FAE04EC0-301F-11D3-BF4B-00C04F79EFBC}") = "Data.DomainObjects.ObjectBinding", "..\..\Data\DomainObjects.ObjectBinding\Data.DomainObjects.ObjectBinding.csproj", "{D06C0145-A94A-48AE-B186-BC3C8E8F3650}"
	ProjectSection(WebsiteProperties) = preProject
		Debug.AspNetCompiler.Debug = "True"
		Release.AspNetCompiler.Debug = "False"
	EndProjectSection
EndProject
Project("{FAE04EC0-301F-11D3-BF4B-00C04F79EFBC}") = "Data.DomainObjects.ObjectBinding.Web", "..\..\Data\DomainObjects.ObjectBinding.Web\Data.DomainObjects.ObjectBinding.Web.csproj", "{9246E440-009C-44BE-A801-C66D8DE04A8F}"
	ProjectSection(WebsiteProperties) = preProject
		Debug.AspNetCompiler.Debug = "True"
		Release.AspNetCompiler.Debug = "False"
	EndProjectSection
EndProject
Project("{FAE04EC0-301F-11D3-BF4B-00C04F79EFBC}") = "Data.DomainObjects.Web", "..\..\Data\DomainObjects.Web\Data.DomainObjects.Web.csproj", "{9A8C29F9-8D50-457A-9730-57EB33C1D7CC}"
	ProjectSection(WebsiteProperties) = preProject
		Debug.AspNetCompiler.Debug = "True"
		Release.AspNetCompiler.Debug = "False"
	EndProjectSection
EndProject
Project("{2150E333-8FDC-42A3-9474-1A3956D46DE8}") = "prereq", "prereq", "{F5218EE9-D800-4ABC-9B6B-8926475FCC5B}"
	ProjectSection(WebsiteProperties) = preProject
		Debug.AspNetCompiler.Debug = "True"
		Release.AspNetCompiler.Debug = "False"
	EndProjectSection
	ProjectSection(SolutionItems) = preProject
		..\..\build\buildversion.xml = ..\..\build\buildversion.xml
		..\..\Commons.build = ..\..\Commons.build
		..\..\build\Commons.Doc.include.xml = ..\..\build\Commons.Doc.include.xml
		..\..\build\Commons.include.xml = ..\..\build\Commons.include.xml
		..\..\build\properties.include.xml = ..\..\build\properties.include.xml
	EndProjectSection
EndProject
Project("{2150E333-8FDC-42A3-9474-1A3956D46DE8}") = "Assemblies", "Assemblies", "{8FE7DEF5-877F-4E34-BF7C-A65C714269D0}"
	ProjectSection(WebsiteProperties) = preProject
		Debug.AspNetCompiler.Debug = "True"
		Release.AspNetCompiler.Debug = "False"
	EndProjectSection
	ProjectSection(SolutionItems) = preProject
		..\..\prereq\Assemblies\log4net.dll = ..\..\prereq\Assemblies\log4net.dll
		..\..\prereq\Assemblies\log4net.xml = ..\..\prereq\Assemblies\log4net.xml
		..\..\prereq\Assemblies\nunit.framework.dll = ..\..\prereq\Assemblies\nunit.framework.dll
		..\..\prereq\Assemblies\nunit.framework.xml = ..\..\prereq\Assemblies\nunit.framework.xml
		..\..\prereq\Assemblies\Rhino.Mocks.dll = ..\..\prereq\Assemblies\Rhino.Mocks.dll
		..\..\prereq\Assemblies\Rhino.Mocks.xml = ..\..\prereq\Assemblies\Rhino.Mocks.xml
	EndProjectSection
EndProject
Global
	GlobalSection(SolutionConfigurationPlatforms) = preSolution
		Debug|Any CPU = Debug|Any CPU
		Release|Any CPU = Release|Any CPU
	EndGlobalSection
	GlobalSection(ProjectConfigurationPlatforms) = postSolution
		{E8822EE5-E678-4ECF-AAEC-9476696F90B3}.Debug|Any CPU.ActiveCfg = Debug|Any CPU
		{E8822EE5-E678-4ECF-AAEC-9476696F90B3}.Debug|Any CPU.Build.0 = Debug|Any CPU
		{E8822EE5-E678-4ECF-AAEC-9476696F90B3}.Release|Any CPU.ActiveCfg = Release|Any CPU
		{E8822EE5-E678-4ECF-AAEC-9476696F90B3}.Release|Any CPU.Build.0 = Release|Any CPU
		{EBE75E33-D69D-4D4B-BBAB-A1496463B1F1}.Debug|Any CPU.ActiveCfg = Debug|Any CPU
		{EBE75E33-D69D-4D4B-BBAB-A1496463B1F1}.Debug|Any CPU.Build.0 = Debug|Any CPU
		{EBE75E33-D69D-4D4B-BBAB-A1496463B1F1}.Release|Any CPU.ActiveCfg = Release|Any CPU
		{EBE75E33-D69D-4D4B-BBAB-A1496463B1F1}.Release|Any CPU.Build.0 = Release|Any CPU
		{008034F4-F47F-4CAE-B300-1D8629D1BD1D}.Debug|Any CPU.ActiveCfg = Debug|Any CPU
		{008034F4-F47F-4CAE-B300-1D8629D1BD1D}.Debug|Any CPU.Build.0 = Debug|Any CPU
		{008034F4-F47F-4CAE-B300-1D8629D1BD1D}.Release|Any CPU.ActiveCfg = Release|Any CPU
		{008034F4-F47F-4CAE-B300-1D8629D1BD1D}.Release|Any CPU.Build.0 = Release|Any CPU
		{FDCCDB1E-0962-41DA-99A1-2DB390C48748}.Debug|Any CPU.ActiveCfg = Debug|Any CPU
		{FDCCDB1E-0962-41DA-99A1-2DB390C48748}.Debug|Any CPU.Build.0 = Debug|Any CPU
		{FDCCDB1E-0962-41DA-99A1-2DB390C48748}.Release|Any CPU.ActiveCfg = Release|Any CPU
		{FDCCDB1E-0962-41DA-99A1-2DB390C48748}.Release|Any CPU.Build.0 = Release|Any CPU
		{2AA369EC-A4E7-4D75-9101-EFA90E902625}.Debug|Any CPU.ActiveCfg = Debug|Any CPU
		{2AA369EC-A4E7-4D75-9101-EFA90E902625}.Debug|Any CPU.Build.0 = Debug|Any CPU
		{2AA369EC-A4E7-4D75-9101-EFA90E902625}.Release|Any CPU.ActiveCfg = Release|Any CPU
		{2AA369EC-A4E7-4D75-9101-EFA90E902625}.Release|Any CPU.Build.0 = Release|Any CPU
		{DF8BA786-9679-4879-8757-16AE2709D83A}.Debug|Any CPU.ActiveCfg = Debug|Any CPU
		{DF8BA786-9679-4879-8757-16AE2709D83A}.Debug|Any CPU.Build.0 = Debug|Any CPU
		{DF8BA786-9679-4879-8757-16AE2709D83A}.Release|Any CPU.ActiveCfg = Release|Any CPU
		{DF8BA786-9679-4879-8757-16AE2709D83A}.Release|Any CPU.Build.0 = Release|Any CPU
		{C2D4102A-6DB9-4997-85BE-AFA6ECF42F1A}.Debug|Any CPU.ActiveCfg = Debug|Any CPU
		{C2D4102A-6DB9-4997-85BE-AFA6ECF42F1A}.Debug|Any CPU.Build.0 = Debug|Any CPU
		{C2D4102A-6DB9-4997-85BE-AFA6ECF42F1A}.Release|Any CPU.ActiveCfg = Release|Any CPU
		{C2D4102A-6DB9-4997-85BE-AFA6ECF42F1A}.Release|Any CPU.Build.0 = Release|Any CPU
		{390FBB93-A757-47A7-B769-A64A7465FF84}.Debug|Any CPU.ActiveCfg = Debug|Any CPU
		{390FBB93-A757-47A7-B769-A64A7465FF84}.Debug|Any CPU.Build.0 = Debug|Any CPU
		{390FBB93-A757-47A7-B769-A64A7465FF84}.Release|Any CPU.ActiveCfg = Release|Any CPU
		{390FBB93-A757-47A7-B769-A64A7465FF84}.Release|Any CPU.Build.0 = Release|Any CPU
		{D06C0145-A94A-48AE-B186-BC3C8E8F3650}.Debug|Any CPU.ActiveCfg = Debug|Any CPU
		{D06C0145-A94A-48AE-B186-BC3C8E8F3650}.Debug|Any CPU.Build.0 = Debug|Any CPU
		{D06C0145-A94A-48AE-B186-BC3C8E8F3650}.Release|Any CPU.ActiveCfg = Release|Any CPU
		{D06C0145-A94A-48AE-B186-BC3C8E8F3650}.Release|Any CPU.Build.0 = Release|Any CPU
		{9246E440-009C-44BE-A801-C66D8DE04A8F}.Debug|Any CPU.ActiveCfg = Debug|Any CPU
		{9246E440-009C-44BE-A801-C66D8DE04A8F}.Debug|Any CPU.Build.0 = Debug|Any CPU
		{9246E440-009C-44BE-A801-C66D8DE04A8F}.Release|Any CPU.ActiveCfg = Release|Any CPU
		{9246E440-009C-44BE-A801-C66D8DE04A8F}.Release|Any CPU.Build.0 = Release|Any CPU
		{9A8C29F9-8D50-457A-9730-57EB33C1D7CC}.Debug|Any CPU.ActiveCfg = Debug|Any CPU
		{9A8C29F9-8D50-457A-9730-57EB33C1D7CC}.Debug|Any CPU.Build.0 = Debug|Any CPU
		{9A8C29F9-8D50-457A-9730-57EB33C1D7CC}.Release|Any CPU.ActiveCfg = Release|Any CPU
		{9A8C29F9-8D50-457A-9730-57EB33C1D7CC}.Release|Any CPU.Build.0 = Release|Any CPU
	EndGlobalSection
	GlobalSection(SolutionProperties) = preSolution
		HideSolutionNode = FALSE
	EndGlobalSection
	GlobalSection(NestedProjects) = preSolution
		{8FE7DEF5-877F-4E34-BF7C-A65C714269D0} = {F5218EE9-D800-4ABC-9B6B-8926475FCC5B}
	EndGlobalSection
EndGlobal
