
Microsoft Visual Studio Solution File, Format Version 9.00
# Visual Studio 2005
Project("{FAE04EC0-301F-11D3-BF4B-00C04F79EFBC}") = "Core", "..\Core\Core.csproj", "{2AA369EC-A4E7-4D75-9101-EFA90E902625}"
EndProject
Project("{FAE04EC0-301F-11D3-BF4B-00C04F79EFBC}") = "Security", "Core\Security.csproj", "{FBE0CBDD-82FF-4173-8536-47D3B5BC2E98}"
EndProject
Project("{FAE04EC0-301F-11D3-BF4B-00C04F79EFBC}") = "Security.UnitTests", "Core.UnitTests\Security.UnitTests.csproj", "{EF86BF16-81EF-4F51-B2B1-DB3C7C1E4CDE}"
EndProject
Project("{FAE04EC0-301F-11D3-BF4B-00C04F79EFBC}") = "Web", "..\Web\Core\Web.csproj", "{DF8BA786-9679-4879-8757-16AE2709D83A}"
EndProject
Project("{FAE04EC0-301F-11D3-BF4B-00C04F79EFBC}") = "Web.UnitTests", "..\Web\UnitTests\Web.UnitTests.csproj", "{F3EE8E9C-5230-4D1A-B655-CA65E2D52F21}"
EndProject
Project("{FAE04EC0-301F-11D3-BF4B-00C04F79EFBC}") = "Core.Test", "..\Core.Test\Core.Test.csproj", "{C216DEC9-8820-4298-B10F-FB4131466B69}"
EndProject
Project("{FAE04EC0-301F-11D3-BF4B-00C04F79EFBC}") = "Rubicon.Data.DomainObjects", "..\Data\DomainObjects\Rubicon.Data.DomainObjects.csproj", "{C2D4102A-6DB9-4997-85BE-AFA6ECF42F1A}"
EndProject
Project("{FAE04EC0-301F-11D3-BF4B-00C04F79EFBC}") = "Rubicon.Data.DomainObjects.UnitTests", "..\Data\DomainObjects.UnitTests\Rubicon.Data.DomainObjects.UnitTests.csproj", "{6DEF9C11-1D5A-4B14-A4EB-F4C7E7CC3E7B}"
EndProject
Project("{FAE04EC0-301F-11D3-BF4B-00C04F79EFBC}") = "Rubicon.Data.DomainObjects.ObjectBinding", "..\Data\DomainObjects.ObjectBinding\Rubicon.Data.DomainObjects.ObjectBinding.csproj", "{D06C0145-A94A-48AE-B186-BC3C8E8F3650}"
EndProject
Project("{FAE04EC0-301F-11D3-BF4B-00C04F79EFBC}") = "Rubicon.Data.DomainObjects.ObjectBinding.UnitTests", "..\Data\DomainObjects.ObjectBinding.UnitTests\Rubicon.Data.DomainObjects.ObjectBinding.UnitTests.csproj", "{21EC480E-91C6-4558-963B-796698DBB668}"
EndProject
Project("{FAE04EC0-301F-11D3-BF4B-00C04F79EFBC}") = "ObjectBinding", "..\ObjectBinding\Core\ObjectBinding.csproj", "{FDCCDB1E-0962-41DA-99A1-2DB390C48748}"
EndProject
Project("{FAE04EC0-301F-11D3-BF4B-00C04F79EFBC}") = "Development.Core", "..\Development\Core\Development.Core.csproj", "{B719A305-0493-4C72-88FE-9A2FC6964578}"
EndProject
Project("{FAE04EC0-301F-11D3-BF4B-00C04F79EFBC}") = "Development.Core.Test", "..\Development\Core.Test\Development.Core.Test.csproj", "{F5416318-15B4-421E-9B44-03CD4C052D5A}"
EndProject
Project("{FAE04EC0-301F-11D3-BF4B-00C04F79EFBC}") = "prereq", "..\prereq\prereq.csproj", "{31F08C2C-B54C-4F76-9B9F-656BC36A2A06}"
EndProject
Project("{2150E333-8FDC-42A3-9474-1A3956D46DE8}") = "Solution Items", "Solution Items", "{2B446F93-A4AB-41A8-B2B6-A625CA42A4E1}"
	ProjectSection(SolutionItems) = preProject
		..\build\buildversion.xml = ..\build\buildversion.xml
		..\Commons.build = ..\Commons.build
		..\build\Commons.Doc.include.xml = ..\build\Commons.Doc.include.xml
		..\build\Commons.include.xml = ..\build\Commons.include.xml
		..\build\properties.include.xml = ..\build\properties.include.xml
	EndProjectSection
EndProject
Project("{FAE04EC0-301F-11D3-BF4B-00C04F79EFBC}") = "Security.UnitTests.TestDomain", "Core.UnitTests.TestDomain\Security.UnitTests.TestDomain.csproj", "{AC34B1D8-A295-44A4-AE9D-8167B3C3ED44}"
EndProject
Project("{FAE04EC0-301F-11D3-BF4B-00C04F79EFBC}") = "Security.Metadata.Extractor", "Metadata.Extractor\Security.Metadata.Extractor.csproj", "{E294058B-D4F0-4124-BD22-15E44F57749B}"
EndProject
Project("{FAE04EC0-301F-11D3-BF4B-00C04F79EFBC}") = "Security.MSBuild.Tasks", "MSBuild.Tasks\Security.MSBuild.Tasks.csproj", "{7CA0F5EF-CDEA-4B5D-9954-1CC50973C7D0}"
EndProject
Project("{FAE04EC0-301F-11D3-BF4B-00C04F79EFBC}") = "Security.Web", "Web\Security.Web.csproj", "{9B6F6D1A-A7EA-4EE8-B36E-E31CF7E518E3}"
EndProject
Project("{FAE04EC0-301F-11D3-BF4B-00C04F79EFBC}") = "Security.Web.UnitTests", "Web.UnitTests\Security.Web.UnitTests.csproj", "{5ED46C3D-6273-4025-8ECF-0550BBFC403A}"
EndProject
Project("{FAE04EC0-301F-11D3-BF4B-00C04F79EFBC}") = "SecurityManager.Client.Web", "..\SecurityManager\Client.Web\SecurityManager.Client.Web.csproj", "{558839F6-D762-47BA-A26C-1D4AA75D0994}"
EndProject
Project("{FAE04EC0-301F-11D3-BF4B-00C04F79EFBC}") = "SecurityManager.Core", "..\SecurityManager\Core\SecurityManager.Core.csproj", "{990B8638-A08F-4A94-B01A-E7DAEF089F27}"
EndProject
Project("{FAE04EC0-301F-11D3-BF4B-00C04F79EFBC}") = "SecurityManager.Core.Domain.Data.SetupDB", "..\SecurityManager\Domain.Data.SetupDB\SecurityManager.Core.Domain.Data.SetupDB.csproj", "{F9D890F8-EB08-4D58-BDFA-6C6540F15795}"
EndProject
Project("{FAE04EC0-301F-11D3-BF4B-00C04F79EFBC}") = "SecurityManager.Core.UnitTests", "..\SecurityManager\Core.UnitTests\SecurityManager.Core.UnitTests.csproj", "{65B86B2E-D54D-425B-B681-82449E31BA01}"
EndProject
Project("{FAE04EC0-301F-11D3-BF4B-00C04F79EFBC}") = "Rubicon.Data.DomainObjects.Web", "..\Data\DomainObjects.Web\Rubicon.Data.DomainObjects.Web.csproj", "{9A8C29F9-8D50-457A-9730-57EB33C1D7CC}"
EndProject
Project("{FAE04EC0-301F-11D3-BF4B-00C04F79EFBC}") = "ObjectBinding.Web", "..\ObjectBinding\Web\ObjectBinding.Web.csproj", "{390FBB93-A757-47A7-B769-A64A7465FF84}"
EndProject
Project("{FAE04EC0-301F-11D3-BF4B-00C04F79EFBC}") = "Rubicon.Data.DomainObjects.ObjectBinding.Web", "..\Data\DomainObjects.ObjectBinding.Web\Rubicon.Data.DomainObjects.ObjectBinding.Web.csproj", "{9246E440-009C-44BE-A801-C66D8DE04A8F}"
EndProject
Project("{FAE04EC0-301F-11D3-BF4B-00C04F79EFBC}") = "SecurityManager.Metadata.Importer", "..\SecurityManager\Metadata.Importer\SecurityManager.Metadata.Importer.csproj", "{28A3431B-A3A8-4E8D-BDA8-CB3CC7EA2894}"
EndProject
Global
	GlobalSection(SolutionConfigurationPlatforms) = preSolution
		Debug|Any CPU = Debug|Any CPU
		Release|Any CPU = Release|Any CPU
	EndGlobalSection
	GlobalSection(ProjectConfigurationPlatforms) = postSolution
		{2AA369EC-A4E7-4D75-9101-EFA90E902625}.Debug|Any CPU.ActiveCfg = Debug|Any CPU
		{2AA369EC-A4E7-4D75-9101-EFA90E902625}.Debug|Any CPU.Build.0 = Debug|Any CPU
		{2AA369EC-A4E7-4D75-9101-EFA90E902625}.Release|Any CPU.ActiveCfg = Release|Any CPU
		{2AA369EC-A4E7-4D75-9101-EFA90E902625}.Release|Any CPU.Build.0 = Release|Any CPU
		{FBE0CBDD-82FF-4173-8536-47D3B5BC2E98}.Debug|Any CPU.ActiveCfg = Debug|Any CPU
		{FBE0CBDD-82FF-4173-8536-47D3B5BC2E98}.Debug|Any CPU.Build.0 = Debug|Any CPU
		{FBE0CBDD-82FF-4173-8536-47D3B5BC2E98}.Release|Any CPU.ActiveCfg = Release|Any CPU
		{FBE0CBDD-82FF-4173-8536-47D3B5BC2E98}.Release|Any CPU.Build.0 = Release|Any CPU
		{EF86BF16-81EF-4F51-B2B1-DB3C7C1E4CDE}.Debug|Any CPU.ActiveCfg = Debug|Any CPU
		{EF86BF16-81EF-4F51-B2B1-DB3C7C1E4CDE}.Debug|Any CPU.Build.0 = Debug|Any CPU
		{EF86BF16-81EF-4F51-B2B1-DB3C7C1E4CDE}.Release|Any CPU.ActiveCfg = Release|Any CPU
		{EF86BF16-81EF-4F51-B2B1-DB3C7C1E4CDE}.Release|Any CPU.Build.0 = Release|Any CPU
		{DF8BA786-9679-4879-8757-16AE2709D83A}.Debug|Any CPU.ActiveCfg = Debug|Any CPU
		{DF8BA786-9679-4879-8757-16AE2709D83A}.Debug|Any CPU.Build.0 = Debug|Any CPU
		{DF8BA786-9679-4879-8757-16AE2709D83A}.Release|Any CPU.ActiveCfg = Release|Any CPU
		{DF8BA786-9679-4879-8757-16AE2709D83A}.Release|Any CPU.Build.0 = Release|Any CPU
		{F3EE8E9C-5230-4D1A-B655-CA65E2D52F21}.Debug|Any CPU.ActiveCfg = Debug|Any CPU
		{F3EE8E9C-5230-4D1A-B655-CA65E2D52F21}.Debug|Any CPU.Build.0 = Debug|Any CPU
		{F3EE8E9C-5230-4D1A-B655-CA65E2D52F21}.Release|Any CPU.ActiveCfg = Release|Any CPU
		{F3EE8E9C-5230-4D1A-B655-CA65E2D52F21}.Release|Any CPU.Build.0 = Release|Any CPU
		{C216DEC9-8820-4298-B10F-FB4131466B69}.Debug|Any CPU.ActiveCfg = Debug|Any CPU
		{C216DEC9-8820-4298-B10F-FB4131466B69}.Debug|Any CPU.Build.0 = Debug|Any CPU
		{C216DEC9-8820-4298-B10F-FB4131466B69}.Release|Any CPU.ActiveCfg = Release|Any CPU
		{C216DEC9-8820-4298-B10F-FB4131466B69}.Release|Any CPU.Build.0 = Release|Any CPU
		{C2D4102A-6DB9-4997-85BE-AFA6ECF42F1A}.Debug|Any CPU.ActiveCfg = Debug|Any CPU
		{C2D4102A-6DB9-4997-85BE-AFA6ECF42F1A}.Debug|Any CPU.Build.0 = Debug|Any CPU
		{C2D4102A-6DB9-4997-85BE-AFA6ECF42F1A}.Release|Any CPU.ActiveCfg = Release|Any CPU
		{C2D4102A-6DB9-4997-85BE-AFA6ECF42F1A}.Release|Any CPU.Build.0 = Release|Any CPU
		{6DEF9C11-1D5A-4B14-A4EB-F4C7E7CC3E7B}.Debug|Any CPU.ActiveCfg = Debug|Any CPU
		{6DEF9C11-1D5A-4B14-A4EB-F4C7E7CC3E7B}.Debug|Any CPU.Build.0 = Debug|Any CPU
		{6DEF9C11-1D5A-4B14-A4EB-F4C7E7CC3E7B}.Release|Any CPU.ActiveCfg = Release|Any CPU
		{6DEF9C11-1D5A-4B14-A4EB-F4C7E7CC3E7B}.Release|Any CPU.Build.0 = Release|Any CPU
		{D06C0145-A94A-48AE-B186-BC3C8E8F3650}.Debug|Any CPU.ActiveCfg = Debug|Any CPU
		{D06C0145-A94A-48AE-B186-BC3C8E8F3650}.Debug|Any CPU.Build.0 = Debug|Any CPU
		{D06C0145-A94A-48AE-B186-BC3C8E8F3650}.Release|Any CPU.ActiveCfg = Release|Any CPU
		{D06C0145-A94A-48AE-B186-BC3C8E8F3650}.Release|Any CPU.Build.0 = Release|Any CPU
		{21EC480E-91C6-4558-963B-796698DBB668}.Debug|Any CPU.ActiveCfg = Debug|Any CPU
		{21EC480E-91C6-4558-963B-796698DBB668}.Debug|Any CPU.Build.0 = Debug|Any CPU
		{21EC480E-91C6-4558-963B-796698DBB668}.Release|Any CPU.ActiveCfg = Release|Any CPU
		{21EC480E-91C6-4558-963B-796698DBB668}.Release|Any CPU.Build.0 = Release|Any CPU
		{FDCCDB1E-0962-41DA-99A1-2DB390C48748}.Debug|Any CPU.ActiveCfg = Debug|Any CPU
		{FDCCDB1E-0962-41DA-99A1-2DB390C48748}.Debug|Any CPU.Build.0 = Debug|Any CPU
		{FDCCDB1E-0962-41DA-99A1-2DB390C48748}.Release|Any CPU.ActiveCfg = Release|Any CPU
		{FDCCDB1E-0962-41DA-99A1-2DB390C48748}.Release|Any CPU.Build.0 = Release|Any CPU
		{B719A305-0493-4C72-88FE-9A2FC6964578}.Debug|Any CPU.ActiveCfg = Debug|Any CPU
		{B719A305-0493-4C72-88FE-9A2FC6964578}.Debug|Any CPU.Build.0 = Debug|Any CPU
		{B719A305-0493-4C72-88FE-9A2FC6964578}.Release|Any CPU.ActiveCfg = Release|Any CPU
		{B719A305-0493-4C72-88FE-9A2FC6964578}.Release|Any CPU.Build.0 = Release|Any CPU
		{F5416318-15B4-421E-9B44-03CD4C052D5A}.Debug|Any CPU.ActiveCfg = Debug|Any CPU
		{F5416318-15B4-421E-9B44-03CD4C052D5A}.Debug|Any CPU.Build.0 = Debug|Any CPU
		{F5416318-15B4-421E-9B44-03CD4C052D5A}.Release|Any CPU.ActiveCfg = Release|Any CPU
		{F5416318-15B4-421E-9B44-03CD4C052D5A}.Release|Any CPU.Build.0 = Release|Any CPU
		{31F08C2C-B54C-4F76-9B9F-656BC36A2A06}.Debug|Any CPU.ActiveCfg = Debug|Any CPU
		{31F08C2C-B54C-4F76-9B9F-656BC36A2A06}.Debug|Any CPU.Build.0 = Debug|Any CPU
		{31F08C2C-B54C-4F76-9B9F-656BC36A2A06}.Release|Any CPU.ActiveCfg = Release|Any CPU
		{31F08C2C-B54C-4F76-9B9F-656BC36A2A06}.Release|Any CPU.Build.0 = Release|Any CPU
		{AC34B1D8-A295-44A4-AE9D-8167B3C3ED44}.Debug|Any CPU.ActiveCfg = Debug|Any CPU
		{AC34B1D8-A295-44A4-AE9D-8167B3C3ED44}.Debug|Any CPU.Build.0 = Debug|Any CPU
		{AC34B1D8-A295-44A4-AE9D-8167B3C3ED44}.Release|Any CPU.ActiveCfg = Release|Any CPU
		{AC34B1D8-A295-44A4-AE9D-8167B3C3ED44}.Release|Any CPU.Build.0 = Release|Any CPU
		{E294058B-D4F0-4124-BD22-15E44F57749B}.Debug|Any CPU.ActiveCfg = Debug|Any CPU
		{E294058B-D4F0-4124-BD22-15E44F57749B}.Debug|Any CPU.Build.0 = Debug|Any CPU
		{E294058B-D4F0-4124-BD22-15E44F57749B}.Release|Any CPU.ActiveCfg = Release|Any CPU
		{E294058B-D4F0-4124-BD22-15E44F57749B}.Release|Any CPU.Build.0 = Release|Any CPU
		{7CA0F5EF-CDEA-4B5D-9954-1CC50973C7D0}.Debug|Any CPU.ActiveCfg = Debug|Any CPU
		{7CA0F5EF-CDEA-4B5D-9954-1CC50973C7D0}.Debug|Any CPU.Build.0 = Debug|Any CPU
		{7CA0F5EF-CDEA-4B5D-9954-1CC50973C7D0}.Release|Any CPU.ActiveCfg = Release|Any CPU
		{7CA0F5EF-CDEA-4B5D-9954-1CC50973C7D0}.Release|Any CPU.Build.0 = Release|Any CPU
		{9B6F6D1A-A7EA-4EE8-B36E-E31CF7E518E3}.Debug|Any CPU.ActiveCfg = Debug|Any CPU
		{9B6F6D1A-A7EA-4EE8-B36E-E31CF7E518E3}.Debug|Any CPU.Build.0 = Debug|Any CPU
		{9B6F6D1A-A7EA-4EE8-B36E-E31CF7E518E3}.Release|Any CPU.ActiveCfg = Release|Any CPU
		{9B6F6D1A-A7EA-4EE8-B36E-E31CF7E518E3}.Release|Any CPU.Build.0 = Release|Any CPU
		{5ED46C3D-6273-4025-8ECF-0550BBFC403A}.Debug|Any CPU.ActiveCfg = Debug|Any CPU
		{5ED46C3D-6273-4025-8ECF-0550BBFC403A}.Debug|Any CPU.Build.0 = Debug|Any CPU
		{5ED46C3D-6273-4025-8ECF-0550BBFC403A}.Release|Any CPU.ActiveCfg = Release|Any CPU
		{5ED46C3D-6273-4025-8ECF-0550BBFC403A}.Release|Any CPU.Build.0 = Release|Any CPU
		{558839F6-D762-47BA-A26C-1D4AA75D0994}.Debug|Any CPU.ActiveCfg = Debug|Any CPU
		{558839F6-D762-47BA-A26C-1D4AA75D0994}.Debug|Any CPU.Build.0 = Debug|Any CPU
		{558839F6-D762-47BA-A26C-1D4AA75D0994}.Release|Any CPU.ActiveCfg = Release|Any CPU
		{558839F6-D762-47BA-A26C-1D4AA75D0994}.Release|Any CPU.Build.0 = Release|Any CPU
		{990B8638-A08F-4A94-B01A-E7DAEF089F27}.Debug|Any CPU.ActiveCfg = Debug|Any CPU
		{990B8638-A08F-4A94-B01A-E7DAEF089F27}.Debug|Any CPU.Build.0 = Debug|Any CPU
		{990B8638-A08F-4A94-B01A-E7DAEF089F27}.Release|Any CPU.ActiveCfg = Release|Any CPU
		{990B8638-A08F-4A94-B01A-E7DAEF089F27}.Release|Any CPU.Build.0 = Release|Any CPU
		{F9D890F8-EB08-4D58-BDFA-6C6540F15795}.Debug|Any CPU.ActiveCfg = Debug|Any CPU
		{F9D890F8-EB08-4D58-BDFA-6C6540F15795}.Debug|Any CPU.Build.0 = Debug|Any CPU
		{F9D890F8-EB08-4D58-BDFA-6C6540F15795}.Release|Any CPU.ActiveCfg = Release|Any CPU
		{F9D890F8-EB08-4D58-BDFA-6C6540F15795}.Release|Any CPU.Build.0 = Release|Any CPU
		{65B86B2E-D54D-425B-B681-82449E31BA01}.Debug|Any CPU.ActiveCfg = Debug|Any CPU
		{65B86B2E-D54D-425B-B681-82449E31BA01}.Debug|Any CPU.Build.0 = Debug|Any CPU
		{65B86B2E-D54D-425B-B681-82449E31BA01}.Release|Any CPU.ActiveCfg = Release|Any CPU
		{65B86B2E-D54D-425B-B681-82449E31BA01}.Release|Any CPU.Build.0 = Release|Any CPU
		{9A8C29F9-8D50-457A-9730-57EB33C1D7CC}.Debug|Any CPU.ActiveCfg = Debug|Any CPU
		{9A8C29F9-8D50-457A-9730-57EB33C1D7CC}.Debug|Any CPU.Build.0 = Debug|Any CPU
		{9A8C29F9-8D50-457A-9730-57EB33C1D7CC}.Release|Any CPU.ActiveCfg = Release|Any CPU
		{9A8C29F9-8D50-457A-9730-57EB33C1D7CC}.Release|Any CPU.Build.0 = Release|Any CPU
		{390FBB93-A757-47A7-B769-A64A7465FF84}.Debug|Any CPU.ActiveCfg = Debug|Any CPU
		{390FBB93-A757-47A7-B769-A64A7465FF84}.Debug|Any CPU.Build.0 = Debug|Any CPU
		{390FBB93-A757-47A7-B769-A64A7465FF84}.Release|Any CPU.ActiveCfg = Release|Any CPU
		{390FBB93-A757-47A7-B769-A64A7465FF84}.Release|Any CPU.Build.0 = Release|Any CPU
		{9246E440-009C-44BE-A801-C66D8DE04A8F}.Debug|Any CPU.ActiveCfg = Debug|Any CPU
		{9246E440-009C-44BE-A801-C66D8DE04A8F}.Debug|Any CPU.Build.0 = Debug|Any CPU
		{9246E440-009C-44BE-A801-C66D8DE04A8F}.Release|Any CPU.ActiveCfg = Release|Any CPU
		{9246E440-009C-44BE-A801-C66D8DE04A8F}.Release|Any CPU.Build.0 = Release|Any CPU
		{28A3431B-A3A8-4E8D-BDA8-CB3CC7EA2894}.Debug|Any CPU.ActiveCfg = Debug|Any CPU
		{28A3431B-A3A8-4E8D-BDA8-CB3CC7EA2894}.Debug|Any CPU.Build.0 = Debug|Any CPU
		{28A3431B-A3A8-4E8D-BDA8-CB3CC7EA2894}.Release|Any CPU.ActiveCfg = Release|Any CPU
		{28A3431B-A3A8-4E8D-BDA8-CB3CC7EA2894}.Release|Any CPU.Build.0 = Release|Any CPU
	EndGlobalSection
	GlobalSection(SolutionProperties) = preSolution
		HideSolutionNode = FALSE
	EndGlobalSection
EndGlobal
