
Microsoft Visual Studio Solution File, Format Version 9.00
# Visual Studio 2005
Project("{FAE04EC0-301F-11D3-BF4B-00C04F79EFBC}") = "Mixins", "Core\Mixins.csproj", "{18C1D36B-CC05-4334-BF29-DE5A886DA89D}"
	ProjectSection(WebsiteProperties) = preProject
		Debug.AspNetCompiler.Debug = "True"
		Release.AspNetCompiler.Debug = "False"
	EndProjectSection
EndProject
Project("{FAE04EC0-301F-11D3-BF4B-00C04F79EFBC}") = "Mixins.UnitTests", "Core.UnitTests\Mixins.UnitTests.csproj", "{DFAEF7A9-2127-41D7-8D5B-BC71724EB8AB}"
	ProjectSection(WebsiteProperties) = preProject
		Debug.AspNetCompiler.Debug = "True"
		Release.AspNetCompiler.Debug = "False"
	EndProjectSection
EndProject
Project("{FAE04EC0-301F-11D3-BF4B-00C04F79EFBC}") = "Core", "..\Core\Core.csproj", "{2AA369EC-A4E7-4D75-9101-EFA90E902625}"
	ProjectSection(WebsiteProperties) = preProject
		Debug.AspNetCompiler.Debug = "True"
		Release.AspNetCompiler.Debug = "False"
	EndProjectSection
EndProject
Project("{FAE04EC0-301F-11D3-BF4B-00C04F79EFBC}") = "Core.Test", "..\Core.Test\Core.Test.csproj", "{C216DEC9-8820-4298-B10F-FB4131466B69}"
	ProjectSection(WebsiteProperties) = preProject
		Debug.AspNetCompiler.Debug = "True"
		Release.AspNetCompiler.Debug = "False"
	EndProjectSection
EndProject
Project("{FAE04EC0-301F-11D3-BF4B-00C04F79EFBC}") = "Development.Core", "..\Development\Core\Development.Core.csproj", "{B719A305-0493-4C72-88FE-9A2FC6964578}"
	ProjectSection(WebsiteProperties) = preProject
		Debug.AspNetCompiler.Debug = "True"
		Release.AspNetCompiler.Debug = "False"
	EndProjectSection
EndProject
Project("{FAE04EC0-301F-11D3-BF4B-00C04F79EFBC}") = "Development.Core.Test", "..\Development\Core.Test\Development.Core.Test.csproj", "{F5416318-15B4-421E-9B44-03CD4C052D5A}"
	ProjectSection(WebsiteProperties) = preProject
		Debug.AspNetCompiler.Debug = "True"
		Release.AspNetCompiler.Debug = "False"
	EndProjectSection
EndProject
Project("{2150E333-8FDC-42A3-9474-1A3956D46DE8}") = "Solution Items", "Solution Items", "{8EF36231-9B84-41AF-A3EA-C68ABF80B740}"
	ProjectSection(WebsiteProperties) = preProject
		Debug.AspNetCompiler.Debug = "True"
		Release.AspNetCompiler.Debug = "False"
	EndProjectSection
	ProjectSection(SolutionItems) = preProject
		..\build\buildversion.xml = ..\build\buildversion.xml
		..\build\Commons.Doc.include.build = ..\build\Commons.Doc.include.build
		..\build\Commons.include.build = ..\build\Commons.include.build
		..\build\properties.include.build = ..\build\properties.include.build
	EndProjectSection
	ProjectSection(FolderStartupServices) = postProject
		{B4F97281-0DBD-4835-9ED8-7DFB966E87FF} = {B4F97281-0DBD-4835-9ED8-7DFB966E87FF}
	EndProjectSection
EndProject
Project("{2150E333-8FDC-42A3-9474-1A3956D46DE8}") = "doc", "doc", "{AED28559-722B-4C8E-8BC6-12C2408530B6}"
	ProjectSection(WebsiteProperties) = preProject
		Debug.AspNetCompiler.Debug = "True"
		Release.AspNetCompiler.Debug = "False"
	EndProjectSection
	ProjectSection(SolutionItems) = preProject
		doc\Mixins.chm = doc\Mixins.chm
	EndProjectSection
	ProjectSection(FolderStartupServices) = postProject
		{B4F97281-0DBD-4835-9ED8-7DFB966E87FF} = {B4F97281-0DBD-4835-9ED8-7DFB966E87FF}
	EndProjectSection
EndProject
Project("{FAE04EC0-301F-11D3-BF4B-00C04F79EFBC}") = "Mixins.MixerTool.Console", "MixerTool.Console\Mixins.MixerTool.Console.csproj", "{152DAF45-13C9-4A73-90D0-DF774ED12528}"
	ProjectSection(WebsiteProperties) = preProject
		Debug.AspNetCompiler.Debug = "True"
		Release.AspNetCompiler.Debug = "False"
	EndProjectSection
EndProject
Project("{FAE04EC0-301F-11D3-BF4B-00C04F79EFBC}") = "Mixins.Samples", "Samples\Mixins.Samples.csproj", "{9731FCDD-0F9F-41C5-B691-8AA9101CE249}"
	ProjectSection(WebsiteProperties) = preProject
		Debug.AspNetCompiler.Debug = "True"
		Release.AspNetCompiler.Debug = "False"
	EndProjectSection
EndProject
Global
	GlobalSection(TextTemplating) = postSolution
		TextTemplating = 1
	EndGlobalSection
	GlobalSection(SolutionConfigurationPlatforms) = preSolution
		Debug|Any CPU = Debug|Any CPU
		Release|Any CPU = Release|Any CPU
	EndGlobalSection
	GlobalSection(ProjectConfigurationPlatforms) = postSolution
		{18C1D36B-CC05-4334-BF29-DE5A886DA89D}.Debug|Any CPU.ActiveCfg = Debug|Any CPU
		{18C1D36B-CC05-4334-BF29-DE5A886DA89D}.Debug|Any CPU.Build.0 = Debug|Any CPU
		{18C1D36B-CC05-4334-BF29-DE5A886DA89D}.Release|Any CPU.ActiveCfg = Release|Any CPU
		{18C1D36B-CC05-4334-BF29-DE5A886DA89D}.Release|Any CPU.Build.0 = Release|Any CPU
		{DFAEF7A9-2127-41D7-8D5B-BC71724EB8AB}.Debug|Any CPU.ActiveCfg = Debug|Any CPU
		{DFAEF7A9-2127-41D7-8D5B-BC71724EB8AB}.Debug|Any CPU.Build.0 = Debug|Any CPU
		{DFAEF7A9-2127-41D7-8D5B-BC71724EB8AB}.Release|Any CPU.ActiveCfg = Release|Any CPU
		{DFAEF7A9-2127-41D7-8D5B-BC71724EB8AB}.Release|Any CPU.Build.0 = Release|Any CPU
		{2AA369EC-A4E7-4D75-9101-EFA90E902625}.Debug|Any CPU.ActiveCfg = Debug|Any CPU
		{2AA369EC-A4E7-4D75-9101-EFA90E902625}.Debug|Any CPU.Build.0 = Debug|Any CPU
		{2AA369EC-A4E7-4D75-9101-EFA90E902625}.Release|Any CPU.ActiveCfg = Release|Any CPU
		{2AA369EC-A4E7-4D75-9101-EFA90E902625}.Release|Any CPU.Build.0 = Release|Any CPU
		{C216DEC9-8820-4298-B10F-FB4131466B69}.Debug|Any CPU.ActiveCfg = Debug|Any CPU
		{C216DEC9-8820-4298-B10F-FB4131466B69}.Debug|Any CPU.Build.0 = Debug|Any CPU
		{C216DEC9-8820-4298-B10F-FB4131466B69}.Release|Any CPU.ActiveCfg = Release|Any CPU
		{C216DEC9-8820-4298-B10F-FB4131466B69}.Release|Any CPU.Build.0 = Release|Any CPU
		{B719A305-0493-4C72-88FE-9A2FC6964578}.Debug|Any CPU.ActiveCfg = Debug|Any CPU
		{B719A305-0493-4C72-88FE-9A2FC6964578}.Debug|Any CPU.Build.0 = Debug|Any CPU
		{B719A305-0493-4C72-88FE-9A2FC6964578}.Release|Any CPU.ActiveCfg = Release|Any CPU
		{B719A305-0493-4C72-88FE-9A2FC6964578}.Release|Any CPU.Build.0 = Release|Any CPU
		{F5416318-15B4-421E-9B44-03CD4C052D5A}.Debug|Any CPU.ActiveCfg = Debug|Any CPU
		{F5416318-15B4-421E-9B44-03CD4C052D5A}.Debug|Any CPU.Build.0 = Debug|Any CPU
		{F5416318-15B4-421E-9B44-03CD4C052D5A}.Release|Any CPU.ActiveCfg = Release|Any CPU
		{F5416318-15B4-421E-9B44-03CD4C052D5A}.Release|Any CPU.Build.0 = Release|Any CPU
		{152DAF45-13C9-4A73-90D0-DF774ED12528}.Debug|Any CPU.ActiveCfg = Debug|Any CPU
		{152DAF45-13C9-4A73-90D0-DF774ED12528}.Debug|Any CPU.Build.0 = Debug|Any CPU
		{152DAF45-13C9-4A73-90D0-DF774ED12528}.Release|Any CPU.ActiveCfg = Release|Any CPU
		{152DAF45-13C9-4A73-90D0-DF774ED12528}.Release|Any CPU.Build.0 = Release|Any CPU
		{9731FCDD-0F9F-41C5-B691-8AA9101CE249}.Debug|Any CPU.ActiveCfg = Debug|Any CPU
		{9731FCDD-0F9F-41C5-B691-8AA9101CE249}.Debug|Any CPU.Build.0 = Debug|Any CPU
		{9731FCDD-0F9F-41C5-B691-8AA9101CE249}.Release|Any CPU.ActiveCfg = Release|Any CPU
		{9731FCDD-0F9F-41C5-B691-8AA9101CE249}.Release|Any CPU.Build.0 = Release|Any CPU
	EndGlobalSection
	GlobalSection(SolutionProperties) = preSolution
		HideSolutionNode = FALSE
	EndGlobalSection
	GlobalSection(ExtensibilityGlobals) = postSolution
		VisualSVNWorkingCopyRoot = ..
	EndGlobalSection
EndGlobal
