
Microsoft Visual Studio Solution File, Format Version 9.00
# Visual Studio 2005
Project("{FAE04EC0-301F-11D3-BF4B-00C04F79EFBC}") = "Mixins", "Mixins\Mixins.csproj", "{18C1D36B-CC05-4334-BF29-DE5A886DA89D}"
	ProjectSection(WebsiteProperties) = preProject
		Debug.AspNetCompiler.Debug = "True"
		Release.AspNetCompiler.Debug = "False"
	EndProjectSection
EndProject
Project("{FAE04EC0-301F-11D3-BF4B-00C04F79EFBC}") = "Mixins.UnitTests", "Mixins.UnitTests\Mixins.UnitTests.csproj", "{DFAEF7A9-2127-41D7-8D5B-BC71724EB8AB}"
	ProjectSection(WebsiteProperties) = preProject
		Debug.AspNetCompiler.Debug = "True"
		Release.AspNetCompiler.Debug = "False"
	EndProjectSection
EndProject
Project("{FAE04EC0-301F-11D3-BF4B-00C04F79EFBC}") = "Samples", "Samples\Samples.csproj", "{9731FCDD-0F9F-41C5-B691-8AA9101CE249}"
	ProjectSection(WebsiteProperties) = preProject
		Debug.AspNetCompiler.Debug = "True"
		Release.AspNetCompiler.Debug = "False"
	EndProjectSection
EndProject
Project("{2150E333-8FDC-42A3-9474-1A3956D46DE8}") = "doc", "doc", "{242470F9-7339-4B79-B6BE-A9EE0D459351}"
	ProjectSection(WebsiteProperties) = preProject
		Debug.AspNetCompiler.Debug = "True"
		Release.AspNetCompiler.Debug = "False"
	EndProjectSection
	ProjectSection(FolderStartupServices) = postProject
		{B4F97281-0DBD-4835-9ED8-7DFB966E87FF} = {B4F97281-0DBD-4835-9ED8-7DFB966E87FF}
	EndProjectSection
EndProject
Global
	GlobalSection(TextTemplating) = postSolution
		TextTemplating = 1
	EndGlobalSection
	GlobalSection(SolutionConfigurationPlatforms) = preSolution
		Debug|Any CPU = Debug|Any CPU
		Release|Any CPU = Release|Any CPU
	EndGlobalSection
	GlobalSection(ProjectConfigurationPlatforms) = postSolution
		{18C1D36B-CC05-4334-BF29-DE5A886DA89D}.Debug|Any CPU.ActiveCfg = Debug|Any CPU
		{18C1D36B-CC05-4334-BF29-DE5A886DA89D}.Debug|Any CPU.Build.0 = Debug|Any CPU
		{18C1D36B-CC05-4334-BF29-DE5A886DA89D}.Release|Any CPU.ActiveCfg = Release|Any CPU
		{18C1D36B-CC05-4334-BF29-DE5A886DA89D}.Release|Any CPU.Build.0 = Release|Any CPU
		{DFAEF7A9-2127-41D7-8D5B-BC71724EB8AB}.Debug|Any CPU.ActiveCfg = Debug|Any CPU
		{DFAEF7A9-2127-41D7-8D5B-BC71724EB8AB}.Debug|Any CPU.Build.0 = Debug|Any CPU
		{DFAEF7A9-2127-41D7-8D5B-BC71724EB8AB}.Release|Any CPU.ActiveCfg = Release|Any CPU
		{DFAEF7A9-2127-41D7-8D5B-BC71724EB8AB}.Release|Any CPU.Build.0 = Release|Any CPU
		{9731FCDD-0F9F-41C5-B691-8AA9101CE249}.Debug|Any CPU.ActiveCfg = Debug|Any CPU
		{9731FCDD-0F9F-41C5-B691-8AA9101CE249}.Debug|Any CPU.Build.0 = Debug|Any CPU
		{9731FCDD-0F9F-41C5-B691-8AA9101CE249}.Release|Any CPU.ActiveCfg = Release|Any CPU
		{9731FCDD-0F9F-41C5-B691-8AA9101CE249}.Release|Any CPU.Build.0 = Release|Any CPU
	EndGlobalSection
	GlobalSection(SolutionProperties) = preSolution
		HideSolutionNode = FALSE
	EndGlobalSection
	GlobalSection(ExtensibilityGlobals) = postSolution
		VisualSVNWorkingCopyRoot = 
	EndGlobalSection
EndGlobal
