Microsoft Visual Studio Solution File, Format Version 8.00
Project("{FAE04EC0-301F-11D3-BF4B-00C04F79EFBC}") = "Rubicon.Data.DomainObjects", "DomainObjects\Rubicon.Data.DomainObjects.csproj", "{C2D4102A-6DB9-4997-85BE-AFA6ECF42F1A}"
	ProjectSection(ProjectDependencies) = postProject
	EndProjectSection
EndProject
Project("{FAE04EC0-301F-11D3-BF4B-00C04F79EFBC}") = "Core", "..\Core\Core.csproj", "{2AA369EC-A4E7-4D75-9101-EFA90E902625}"
	ProjectSection(ProjectDependencies) = postProject
	EndProjectSection
EndProject
Project("{FAE04EC0-301F-11D3-BF4B-00C04F79EFBC}") = "ObjectBinding", "..\ObjectBinding\Core\ObjectBinding.csproj", "{FDCCDB1E-0962-41DA-99A1-2DB390C48748}"
	ProjectSection(ProjectDependencies) = postProject
	EndProjectSection
EndProject
Project("{FAE04EC0-301F-11D3-BF4B-00C04F79EFBC}") = "ObjectBinding.Web", "..\ObjectBinding\Web\ObjectBinding.Web.csproj", "{390FBB93-A757-47A7-B769-A64A7465FF84}"
	ProjectSection(ProjectDependencies) = postProject
	EndProjectSection
EndProject
Project("{FAE04EC0-301F-11D3-BF4B-00C04F79EFBC}") = "Web", "..\Web\Core\Web.csproj", "{DF8BA786-9679-4879-8757-16AE2709D83A}"
	ProjectSection(ProjectDependencies) = postProject
	EndProjectSection
EndProject
Project("{FAE04EC0-301F-11D3-BF4B-00C04F79EFBC}") = "Rubicon.Data.DomainObjects.UnitTests", "DomainObjects.UnitTests\Rubicon.Data.DomainObjects.UnitTests.csproj", "{6DEF9C11-1D5A-4B14-A4EB-F4C7E7CC3E7B}"
	ProjectSection(ProjectDependencies) = postProject
	EndProjectSection
EndProject
Project("{FAE04EC0-301F-11D3-BF4B-00C04F79EFBC}") = "Rubicon.Data.DomainObjects.CodeGenerator", "DomainObjects.CodeGenerator\Rubicon.Data.DomainObjects.CodeGenerator.csproj", "{49FE5865-4141-4BB0-AD13-CB42546C87ED}"
	ProjectSection(ProjectDependencies) = postProject
	EndProjectSection
EndProject
Project("{FAE04EC0-301F-11D3-BF4B-00C04F79EFBC}") = "Rubicon.Data.DomainObjects.CodeGenerator.Console", "DomainObjects.CodeGenerator.Console\Rubicon.Data.DomainObjects.CodeGenerator.Console.csproj", "{CC8F1779-C744-4EB0-A3B6-AF6AC73ADF91}"
	ProjectSection(ProjectDependencies) = postProject
	EndProjectSection
EndProject
Project("{FAE04EC0-301F-11D3-BF4B-00C04F79EFBC}") = "Rubicon.Data.DomainObjects.ObjectBinding", "DomainObjects.ObjectBinding\Rubicon.Data.DomainObjects.ObjectBinding.csproj", "{D06C0145-A94A-48AE-B186-BC3C8E8F3650}"
	ProjectSection(ProjectDependencies) = postProject
	EndProjectSection
EndProject
Project("{FAE04EC0-301F-11D3-BF4B-00C04F79EFBC}") = "Rubicon.Data.DomainObjects.ObjectBinding.Web", "DomainObjects.ObjectBinding.Web\Rubicon.Data.DomainObjects.ObjectBinding.Web.csproj", "{9246E440-009C-44BE-A801-C66D8DE04A8F}"
	ProjectSection(ProjectDependencies) = postProject
	EndProjectSection
EndProject
Project("{FAE04EC0-301F-11D3-BF4B-00C04F79EFBC}") = "Rubicon.Data.DomainObjects.PerformanceTests", "DomainObjects.PerformanceTests\Rubicon.Data.DomainObjects.PerformanceTests.csproj", "{717B711E-97AB-4751-97C5-C0491D1919FA}"
	ProjectSection(ProjectDependencies) = postProject
	EndProjectSection
EndProject
Project("{FAE04EC0-301F-11D3-BF4B-00C04F79EFBC}") = "prereq", "..\prereq\prereq.csproj", "{31F08C2C-B54C-4F76-9B9F-656BC36A2A06}"
	ProjectSection(ProjectDependencies) = postProject
	EndProjectSection
EndProject
Project("{FAE04EC0-301F-11D3-BF4B-00C04F79EFBC}") = "Rubicon.Data.DomainObjects.Web", "DomainObjects.Web\Rubicon.Data.DomainObjects.Web.csproj", "{9A8C29F9-8D50-457A-9730-57EB33C1D7CC}"
	ProjectSection(ProjectDependencies) = postProject
	EndProjectSection
EndProject
Project("{FAE04EC0-301F-11D3-BF4B-00C04F79EFBC}") = "Rubicon.Data.DomainObjects.ObjectBinding.UnitTests", "DomainObjects.ObjectBinding.UnitTests\Rubicon.Data.DomainObjects.ObjectBinding.UnitTests.csproj", "{21EC480E-91C6-4558-963B-796698DBB668}"
	ProjectSection(ProjectDependencies) = postProject
	EndProjectSection
EndProject
Project("{FAE04EC0-301F-11D3-BF4B-00C04F79EFBC}") = "Rubicon.Data.DomainObjects.Web.Test", "http://localhost/dev/libraries/commons/trunk/Data/DomainObjects.Web.Test/Rubicon.Data.DomainObjects.Web.Test.csproj", "{86C6C68B-3AF4-4ADE-95FD-29D404F114FD}"
	ProjectSection(ProjectDependencies) = postProject
	EndProjectSection
EndProject
Global
	GlobalSection(SolutionConfiguration) = preSolution
		Debug = Debug
		Release = Release
	EndGlobalSection
	GlobalSection(ProjectConfiguration) = postSolution
		{C2D4102A-6DB9-4997-85BE-AFA6ECF42F1A}.Debug.ActiveCfg = Debug|.NET
		{C2D4102A-6DB9-4997-85BE-AFA6ECF42F1A}.Debug.Build.0 = Debug|.NET
		{C2D4102A-6DB9-4997-85BE-AFA6ECF42F1A}.Release.ActiveCfg = Release|.NET
		{C2D4102A-6DB9-4997-85BE-AFA6ECF42F1A}.Release.Build.0 = Release|.NET
		{2AA369EC-A4E7-4D75-9101-EFA90E902625}.Debug.ActiveCfg = Debug|.NET
		{2AA369EC-A4E7-4D75-9101-EFA90E902625}.Debug.Build.0 = Debug|.NET
		{2AA369EC-A4E7-4D75-9101-EFA90E902625}.Release.ActiveCfg = Release|.NET
		{2AA369EC-A4E7-4D75-9101-EFA90E902625}.Release.Build.0 = Release|.NET
		{FDCCDB1E-0962-41DA-99A1-2DB390C48748}.Debug.ActiveCfg = Debug|.NET
		{FDCCDB1E-0962-41DA-99A1-2DB390C48748}.Debug.Build.0 = Debug|.NET
		{FDCCDB1E-0962-41DA-99A1-2DB390C48748}.Release.ActiveCfg = Release|.NET
		{FDCCDB1E-0962-41DA-99A1-2DB390C48748}.Release.Build.0 = Release|.NET
		{390FBB93-A757-47A7-B769-A64A7465FF84}.Debug.ActiveCfg = Debug|.NET
		{390FBB93-A757-47A7-B769-A64A7465FF84}.Debug.Build.0 = Debug|.NET
		{390FBB93-A757-47A7-B769-A64A7465FF84}.Release.ActiveCfg = Release|.NET
		{390FBB93-A757-47A7-B769-A64A7465FF84}.Release.Build.0 = Release|.NET
		{DF8BA786-9679-4879-8757-16AE2709D83A}.Debug.ActiveCfg = Debug|.NET
		{DF8BA786-9679-4879-8757-16AE2709D83A}.Debug.Build.0 = Debug|.NET
		{DF8BA786-9679-4879-8757-16AE2709D83A}.Release.ActiveCfg = Release|.NET
		{DF8BA786-9679-4879-8757-16AE2709D83A}.Release.Build.0 = Release|.NET
		{6DEF9C11-1D5A-4B14-A4EB-F4C7E7CC3E7B}.Debug.ActiveCfg = Debug|.NET
		{6DEF9C11-1D5A-4B14-A4EB-F4C7E7CC3E7B}.Debug.Build.0 = Debug|.NET
		{6DEF9C11-1D5A-4B14-A4EB-F4C7E7CC3E7B}.Release.ActiveCfg = Release|.NET
		{6DEF9C11-1D5A-4B14-A4EB-F4C7E7CC3E7B}.Release.Build.0 = Release|.NET
		{49FE5865-4141-4BB0-AD13-CB42546C87ED}.Debug.ActiveCfg = Debug|.NET
		{49FE5865-4141-4BB0-AD13-CB42546C87ED}.Debug.Build.0 = Debug|.NET
		{49FE5865-4141-4BB0-AD13-CB42546C87ED}.Release.ActiveCfg = Release|.NET
		{49FE5865-4141-4BB0-AD13-CB42546C87ED}.Release.Build.0 = Release|.NET
		{CC8F1779-C744-4EB0-A3B6-AF6AC73ADF91}.Debug.ActiveCfg = Debug|.NET
		{CC8F1779-C744-4EB0-A3B6-AF6AC73ADF91}.Debug.Build.0 = Debug|.NET
		{CC8F1779-C744-4EB0-A3B6-AF6AC73ADF91}.Release.ActiveCfg = Release|.NET
		{CC8F1779-C744-4EB0-A3B6-AF6AC73ADF91}.Release.Build.0 = Release|.NET
		{D06C0145-A94A-48AE-B186-BC3C8E8F3650}.Debug.ActiveCfg = Debug|.NET
		{D06C0145-A94A-48AE-B186-BC3C8E8F3650}.Debug.Build.0 = Debug|.NET
		{D06C0145-A94A-48AE-B186-BC3C8E8F3650}.Release.ActiveCfg = Release|.NET
		{D06C0145-A94A-48AE-B186-BC3C8E8F3650}.Release.Build.0 = Release|.NET
		{9246E440-009C-44BE-A801-C66D8DE04A8F}.Debug.ActiveCfg = Debug|.NET
		{9246E440-009C-44BE-A801-C66D8DE04A8F}.Debug.Build.0 = Debug|.NET
		{9246E440-009C-44BE-A801-C66D8DE04A8F}.Release.ActiveCfg = Release|.NET
		{9246E440-009C-44BE-A801-C66D8DE04A8F}.Release.Build.0 = Release|.NET
		{717B711E-97AB-4751-97C5-C0491D1919FA}.Debug.ActiveCfg = Debug|.NET
		{717B711E-97AB-4751-97C5-C0491D1919FA}.Debug.Build.0 = Debug|.NET
		{717B711E-97AB-4751-97C5-C0491D1919FA}.Release.ActiveCfg = Release|.NET
		{717B711E-97AB-4751-97C5-C0491D1919FA}.Release.Build.0 = Release|.NET
		{31F08C2C-B54C-4F76-9B9F-656BC36A2A06}.Debug.ActiveCfg = Debug|.NET
		{31F08C2C-B54C-4F76-9B9F-656BC36A2A06}.Release.ActiveCfg = Release|.NET
		{9A8C29F9-8D50-457A-9730-57EB33C1D7CC}.Debug.ActiveCfg = Debug|.NET
		{9A8C29F9-8D50-457A-9730-57EB33C1D7CC}.Debug.Build.0 = Debug|.NET
		{9A8C29F9-8D50-457A-9730-57EB33C1D7CC}.Release.ActiveCfg = Release|.NET
		{9A8C29F9-8D50-457A-9730-57EB33C1D7CC}.Release.Build.0 = Release|.NET
		{21EC480E-91C6-4558-963B-796698DBB668}.Debug.ActiveCfg = Debug|.NET
		{21EC480E-91C6-4558-963B-796698DBB668}.Debug.Build.0 = Debug|.NET
		{21EC480E-91C6-4558-963B-796698DBB668}.Release.ActiveCfg = Release|.NET
		{21EC480E-91C6-4558-963B-796698DBB668}.Release.Build.0 = Release|.NET
		{86C6C68B-3AF4-4ADE-95FD-29D404F114FD}.Debug.ActiveCfg = Debug|.NET
		{86C6C68B-3AF4-4ADE-95FD-29D404F114FD}.Debug.Build.0 = Debug|.NET
		{86C6C68B-3AF4-4ADE-95FD-29D404F114FD}.Release.ActiveCfg = Release|.NET
		{86C6C68B-3AF4-4ADE-95FD-29D404F114FD}.Release.Build.0 = Release|.NET
	EndGlobalSection
	GlobalSection(SolutionItems) = postSolution
	EndGlobalSection
	GlobalSection(ExtensibilityGlobals) = postSolution
	EndGlobalSection
	GlobalSection(ExtensibilityAddIns) = postSolution
	EndGlobalSection
EndGlobal
